
Microsoft Visual Studio Solution File, Format Version 12.00
# Visual Studio Version 17
VisualStudioVersion = 17.8.34309.116
MinimumVisualStudioVersion = 10.0.40219.1
Project("{9A19103F-16F7-4668-BE54-9A1E7A4F7556}") = "PrimeiroProjeto", "PrimeiroProjeto\PrimeiroProjeto.csproj", "{31479797-FCD0-4AD7-85A5-544A9F8B15F0}"
EndProject
Project("{FAE04EC0-301F-11D3-BF4B-00C04F79EFBC}") = "Course", "Course\Course.csproj", "{9744D04A-3FC4-43EB-97D3-15C8817404F9}"
EndProject
Project("{FAE04EC0-301F-11D3-BF4B-00C04F79EFBC}") = "ExercicioDeFixacao", "ExercicioDeFixacao\ExercicioDeFixacao.csproj", "{6D3C848F-5821-431F-9320-CDBF9927CFC2}"
EndProject
Project("{FAE04EC0-301F-11D3-BF4B-00C04F79EFBC}") = "OperadoresAritmeticos", "OperadoresAritmeticos\OperadoresAritmeticos.csproj", "{6C5F2F01-55C2-4D5B-B4FA-0A499FBBF559}"
EndProject
Project("{FAE04EC0-301F-11D3-BF4B-00C04F79EFBC}") = "EntradaDeDados", "EntradaDeDados\EntradaDeDados.csproj", "{6BB416DB-187D-4E80-8B39-BACDC99FD391}"
EndProject
Project("{FAE04EC0-301F-11D3-BF4B-00C04F79EFBC}") = "EntradaDeDados2", "EntradaDeDados2\EntradaDeDados2.csproj", "{365C7B18-0D78-4972-A9A8-2EA5B9B3E852}"
EndProject
Project("{FAE04EC0-301F-11D3-BF4B-00C04F79EFBC}") = "ExEntradaDeDados3", "ExEntradaDeDados3\ExEntradaDeDados3.csproj", "{B2839026-A72B-4B7F-861D-31A5054C3E64}"
EndProject
Project("{FAE04EC0-301F-11D3-BF4B-00C04F79EFBC}") = "ExEstruturaSequencial-P1", "ExEstruturaSequencial\ExEstruturaSequencial-P1.csproj", "{5389831A-EEA5-4A00-9F29-36E792C0259D}"
EndProject
Project("{FAE04EC0-301F-11D3-BF4B-00C04F79EFBC}") = "ExEstruturaSequencial-P2", "ExEstruturaSequencial-P2\ExEstruturaSequencial-P2.csproj", "{0DA72621-648A-4060-BAEB-8168A2A2A498}"
EndProject
Project("{FAE04EC0-301F-11D3-BF4B-00C04F79EFBC}") = "ExEstruturaSequencial-P3", "ExEstruturaSequencial-P3\ExEstruturaSequencial-P3.csproj", "{6F4629F2-B37D-45A8-B03A-143A61BC841C}"
EndProject
Project("{FAE04EC0-301F-11D3-BF4B-00C04F79EFBC}") = "ExEstruturaSequencial-P4", "ExEstruturaSequencial-P4\ExEstruturaSequencial-P4.csproj", "{5DEF7208-20A8-4509-B770-A1B3FD6F951E}"
EndProject
Project("{FAE04EC0-301F-11D3-BF4B-00C04F79EFBC}") = "ExEstruturaSequencial-P5", "ExEstruturaSequencial-P5\ExEstruturaSequencial-P5.csproj", "{36337B29-2ED3-4332-ACF9-20E88BF43186}"
EndProject
Project("{FAE04EC0-301F-11D3-BF4B-00C04F79EFBC}") = "ExEstruturaSequencial-P6", "ExEstruturaSequencial-P6\ExEstruturaSequencial-P6.csproj", "{0FEC1FD1-F694-4EF3-8810-DC7DE0124534}"
EndProject
Project("{FAE04EC0-301F-11D3-BF4B-00C04F79EFBC}") = "ExFixacao", "ExFixacao\ExFixacao.csproj", "{52259BE2-1EBA-45EE-AB95-0805A117167E}"
EndProject
Project("{FAE04EC0-301F-11D3-BF4B-00C04F79EFBC}") = "OperadoresComparativos", "OperadoresComparativos\OperadoresComparativos.csproj", "{FC0A52E2-5A77-4E5A-9B76-4FBDF2176BFE}"
EndProject
Project("{FAE04EC0-301F-11D3-BF4B-00C04F79EFBC}") = "OperadoresLogicos", "OperadoresLogicos\OperadoresLogicos.csproj", "{29F1F6FE-558E-4634-A8CB-8EF701211E4E}"
EndProject
Project("{FAE04EC0-301F-11D3-BF4B-00C04F79EFBC}") = "EstruturaCondicional", "EstruturaCondicional\EstruturaCondicional.csproj", "{EAA79B44-086A-4C00-B83E-BCB81EC798C5}"
EndProject
Project("{FAE04EC0-301F-11D3-BF4B-00C04F79EFBC}") = "EscopoEInicializacao", "EscopoEInicializacao\EscopoEInicializacao.csproj", "{CB00E084-1CE9-41E6-B10D-D1712C29C754}"
EndProject
Project("{FAE04EC0-301F-11D3-BF4B-00C04F79EFBC}") = "ExComparativo", "ExComparativo\ExComparativo.csproj", "{60868903-9475-4D52-9E62-6ED273A2ECF8}"
EndProject
Project("{FAE04EC0-301F-11D3-BF4B-00C04F79EFBC}") = "ExComparativo2", "ExComparativo2\ExComparativo2.csproj", "{44C40743-A8F0-49FC-81C2-958B900ACBF5}"
EndProject
Project("{FAE04EC0-301F-11D3-BF4B-00C04F79EFBC}") = "ExComparativo3", "ExComparativo3\ExComparativo3.csproj", "{D4F8374D-258E-4F79-9E6A-D68D934A6144}"
EndProject
Project("{FAE04EC0-301F-11D3-BF4B-00C04F79EFBC}") = "ExComparativo4", "ExComparativo4\ExComparativo4.csproj", "{BAEC81BD-6E56-4F1B-9627-6D72FD254B7B}"
EndProject
Project("{FAE04EC0-301F-11D3-BF4B-00C04F79EFBC}") = "ExComparativo5", "ExComparativo5\ExComparativo5.csproj", "{F2CDF0DA-56DD-4B7E-BBEE-99712364DADC}"
EndProject
Project("{FAE04EC0-301F-11D3-BF4B-00C04F79EFBC}") = "ExComparativo6", "ExComparativo6\ExComparativo6.csproj", "{4E71772F-4650-4C86-9B50-AB60393B0240}"
EndProject
Project("{FAE04EC0-301F-11D3-BF4B-00C04F79EFBC}") = "ExComparativo7", "ExComparativo7\ExComparativo7.csproj", "{B92AF858-F514-4B11-97BE-EFDC9CE37A59}"
EndProject
Project("{FAE04EC0-301F-11D3-BF4B-00C04F79EFBC}") = "ExComparativo8", "ExComparativo8\ExComparativo8.csproj", "{FA37B67A-0178-420D-878F-3D8044731112}"
EndProject
Project("{FAE04EC0-301F-11D3-BF4B-00C04F79EFBC}") = "Sintaxe", "Sintaxe\Sintaxe.csproj", "{9A214428-866A-4467-AA91-998F87B10297}"
EndProject
Project("{FAE04EC0-301F-11D3-BF4B-00C04F79EFBC}") = "While", "While\While.csproj", "{1618D2B7-12B2-4A50-A65D-64A5F08E0F92}"
EndProject
Project("{FAE04EC0-301F-11D3-BF4B-00C04F79EFBC}") = "ExWhile", "ExWhile\ExWhile.csproj", "{13DF47AA-D41D-4380-AEC9-3337B243E736}"
EndProject
Project("{FAE04EC0-301F-11D3-BF4B-00C04F79EFBC}") = "ExWhile2", "ExWhile2\ExWhile2.csproj", "{99DA4A71-3D2C-4105-8227-94CFC0C44143}"
EndProject
Project("{FAE04EC0-301F-11D3-BF4B-00C04F79EFBC}") = "ExWhile3", "ExWhile3\ExWhile3.csproj", "{B6EF4EE7-D1D7-4C8C-9530-7980B8EA1438}"
EndProject
Project("{FAE04EC0-301F-11D3-BF4B-00C04F79EFBC}") = "For", "For\For.csproj", "{DE96C380-8B81-4138-BBD7-26DC334DCE79}"
EndProject
Project("{FAE04EC0-301F-11D3-BF4B-00C04F79EFBC}") = "ExFor", "ExFor\ExFor.csproj", "{7C1894B3-D7B9-4814-A32E-BDC8A9FC089F}"
EndProject
Project("{FAE04EC0-301F-11D3-BF4B-00C04F79EFBC}") = "Tabuada", "Tabuada\Tabuada.csproj", "{5671FFEB-3BF0-4C2A-9CBC-4EBDDE563574}"
EndProject
Project("{FAE04EC0-301F-11D3-BF4B-00C04F79EFBC}") = "ExFor2", "ExFor2\ExFor2.csproj", "{0FC39692-4E3B-4A1C-8E20-09045DFA2E10}"
EndProject
Project("{FAE04EC0-301F-11D3-BF4B-00C04F79EFBC}") = "ExFor3", "ExFor3\ExFor3.csproj", "{50D4747C-8916-4F91-84BB-6589AB754F0B}"
EndProject
Project("{FAE04EC0-301F-11D3-BF4B-00C04F79EFBC}") = "ExFor4", "ExFor4\ExFor4.csproj", "{672ECF0C-2E4A-4125-A8C9-52DA3E1220E4}"
EndProject
Project("{FAE04EC0-301F-11D3-BF4B-00C04F79EFBC}") = "ExFor5", "Ex5\ExFor5.csproj", "{7349FCC3-BB25-4BD1-99FC-ADE21C60956F}"
EndProject
Project("{FAE04EC0-301F-11D3-BF4B-00C04F79EFBC}") = "ClassesEAtributos", "ClassesEAtributos\ClassesEAtributos.csproj", "{3F0953AA-5484-4838-82D7-BF6D4DB4F4DC}"
EndProject
Project("{FAE04EC0-301F-11D3-BF4B-00C04F79EFBC}") = "ClassesEAtributos2", "ClassesEAtributos2\ClassesEAtributos2.csproj", "{C8D5361F-136D-459A-8D16-5161C347FC2F}"
EndProject
Project("{FAE04EC0-301F-11D3-BF4B-00C04F79EFBC}") = "ClassesEAtributosEx", "ClassesEAtributosEx\ClassesEAtributosEx.csproj", "{1C91018A-858B-4F1C-BA29-EDB4E7E73B5B}"
EndProject
Project("{FAE04EC0-301F-11D3-BF4B-00C04F79EFBC}") = "ClassesEAtributosEx3", "ClassesEAtributosEx3\ClassesEAtributosEx3.csproj", "{3FF2404D-2B81-4104-8201-211488CE7E68}"
EndProject
Project("{FAE04EC0-301F-11D3-BF4B-00C04F79EFBC}") = "ClassesEAtributosEx4", "ClassesEAtributosEx4\ClassesEAtributosEx4.csproj", "{C41F39F7-0BD8-4B21-BFE0-98A99CF098E3}"
EndProject
Project("{FAE04EC0-301F-11D3-BF4B-00C04F79EFBC}") = "ClassesEAtributosExe1", "ClassesEAtributosExe1\ClassesEAtributosExe1.csproj", "{5669E173-7354-4DEE-BC54-F04A67760645}"
EndProject
Project("{FAE04EC0-301F-11D3-BF4B-00C04F79EFBC}") = "ClassesEAtributosExe2", "ClassesEAtributosExe2\ClassesEAtributosExe2.csproj", "{DFFC3460-BD31-4B8A-97D1-739898A026F5}"
EndProject
Project("{FAE04EC0-301F-11D3-BF4B-00C04F79EFBC}") = "ClassesEAtributosExe3", "ClassesEAtributosExe3\ClassesEAtributosExe3.csproj", "{A91B50CD-C0B3-4A9D-833E-0BACA0F9594D}"
EndProject
Project("{FAE04EC0-301F-11D3-BF4B-00C04F79EFBC}") = "MembrosEstaticos", "MembrosEstaticos\MembrosEstaticos.csproj", "{F1D9AB1E-493F-4C38-8B24-3D124F36F443}"
EndProject
Project("{FAE04EC0-301F-11D3-BF4B-00C04F79EFBC}") = "MembrosEstaticos2", "MembrosEstaticos2\MembrosEstaticos2.csproj", "{EBEF435B-970E-413A-BFE6-8495CFB9568F}"
EndProject
Project("{FAE04EC0-301F-11D3-BF4B-00C04F79EFBC}") = "MembrosEstaticosEx", "MembrosEstaticosEx\MembrosEstaticosEx.csproj", "{CB67AA64-48CA-46EF-BEDE-AEA297CE97F9}"
EndProject
Project("{FAE04EC0-301F-11D3-BF4B-00C04F79EFBC}") = "Construtor", "Construtor\Construtor.csproj", "{F8DB2E20-71F8-40E6-BE69-A7407552516B}"
EndProject
Project("{FAE04EC0-301F-11D3-BF4B-00C04F79EFBC}") = "This", "This\This.csproj", "{FF427E20-13DF-480B-B6B1-CFD70605ED85}"
EndProject
Project("{FAE04EC0-301F-11D3-BF4B-00C04F79EFBC}") = "Encapsulamento", "Encapsulamento\Encapsulamento.csproj", "{60441039-5311-4766-94AA-C3DD8C875FD5}"
EndProject
Project("{FAE04EC0-301F-11D3-BF4B-00C04F79EFBC}") = "EncapsulamentoEx", "EncapsulamentoEx\EncapsulamentoEx.csproj", "{58A905B9-4175-4795-B646-B852D5E6CB52}"
EndProject
Project("{FAE04EC0-301F-11D3-BF4B-00C04F79EFBC}") = "TipoEValor", "TipoEValor\TipoEValor.csproj", "{788834B1-0640-42B3-A610-7FCFCF4CFC1D}"
EndProject
Project("{FAE04EC0-301F-11D3-BF4B-00C04F79EFBC}") = "Nullable", "Nullable\Nullable.csproj", "{D80173BE-C393-4CA9-B67A-ADEC3A7B7FB7}"
EndProject
Project("{FAE04EC0-301F-11D3-BF4B-00C04F79EFBC}") = "VetoresObjetoTipoStruct", "Vetores\VetoresObjetoTipoStruct.csproj", "{04B153F3-BD9B-4216-8F7D-EED634B69379}"
EndProject
Project("{FAE04EC0-301F-11D3-BF4B-00C04F79EFBC}") = "Vetores2ObjetoTipoRef", "Vetores2\Vetores2ObjetoTipoRef.csproj", "{57CFB794-3088-4728-B49C-80ACDBE735CF}"
EndProject
Project("{FAE04EC0-301F-11D3-BF4B-00C04F79EFBC}") = "VetoresEX", "VetoresEX\VetoresEX.csproj", "{91DE21BC-6F7A-4434-88AC-07768E0709D6}"
EndProject
Project("{FAE04EC0-301F-11D3-BF4B-00C04F79EFBC}") = "ModificParams", "ModificParams\ModificParams.csproj", "{557C73B6-6D1D-4516-BA4E-65CF8CBF3995}"
EndProject
Project("{FAE04EC0-301F-11D3-BF4B-00C04F79EFBC}") = "ModificRef", "ModifRef\ModificRef.csproj", "{85E7D6E6-B2AA-4FB1-9589-03B21DE97D34}"
EndProject
Project("{FAE04EC0-301F-11D3-BF4B-00C04F79EFBC}") = "ModificOut", "ModificOut\ModificOut.csproj", "{3A97BFF5-60FF-416F-8F35-7E9A8B444143}"
EndProject
Project("{FAE04EC0-301F-11D3-BF4B-00C04F79EFBC}") = "LacoForeach", "LacoForeach\LacoForeach.csproj", "{1EC3D7C0-9661-4370-BF7F-B00BAF9F384D}"
EndProject
Project("{FAE04EC0-301F-11D3-BF4B-00C04F79EFBC}") = "Listas1", "Listas\Listas1.csproj", "{733A5819-5BF5-4905-BEA3-4B56C5E51F3F}"
EndProject
Project("{FAE04EC0-301F-11D3-BF4B-00C04F79EFBC}") = "Listas2", "Lista2\Listas2.csproj", "{3665C3DE-7FD7-41CC-9CED-3E64E340D75C}"
EndProject
Project("{FAE04EC0-301F-11D3-BF4B-00C04F79EFBC}") = "ListaEx", "ListaEx\ListaEx.csproj", "{4F093093-211C-424B-93C8-9FC4A2FCF97F}"
EndProject
Project("{FAE04EC0-301F-11D3-BF4B-00C04F79EFBC}") = "Matrizes", "Matrizes\Matrizes.csproj", "{17529058-ACD4-434D-81AC-BB24EF43B90A}"
EndProject
Project("{FAE04EC0-301F-11D3-BF4B-00C04F79EFBC}") = "MatrizesEx", "MatrizesEx\MatrizesEx.csproj", "{2009F981-6D7F-44B8-8888-D960D66CFE1B}"
EndProject
Project("{FAE04EC0-301F-11D3-BF4B-00C04F79EFBC}") = "MatrizesEx2", "MatrizesEx2\MatrizesEx2.csproj", "{7E228266-9B59-4B38-BCDB-0407B50D4B51}"
EndProject
Project("{FAE04EC0-301F-11D3-BF4B-00C04F79EFBC}") = "Switch-Case", "Switch-Case\Switch-Case.csproj", "{87BB1941-AD92-4FE4-BA6D-99DBB006EDAF}"
EndProject
Project("{FAE04EC0-301F-11D3-BF4B-00C04F79EFBC}") = "ExpreCondicionalTernaria", "ExpreCondicionalTernaria\ExpreCondicionalTernaria.csproj", "{DD4A6C4C-9057-4B0A-9D68-FD3C296CD6B0}"
EndProject
Project("{FAE04EC0-301F-11D3-BF4B-00C04F79EFBC}") = "FuncoesParaString", "FuncoesParaString\FuncoesParaString.csproj", "{87B12E1F-DD54-49C3-83FD-4B0F80A84728}"
EndProject
Project("{FAE04EC0-301F-11D3-BF4B-00C04F79EFBC}") = "DateTime1", "DateTime\DateTime1.csproj", "{FB1FA486-DF41-4118-89C2-0979CE57F0DB}"
EndProject
Project("{FAE04EC0-301F-11D3-BF4B-00C04F79EFBC}") = "TimeSpan1", "TimeSpan\TimeSpan1.csproj", "{0A4CA839-9585-445E-9EEE-8D6AD0333B8B}"
EndProject
Project("{FAE04EC0-301F-11D3-BF4B-00C04F79EFBC}") = "DateTime2", "DateTime2\DateTime2.csproj", "{9F8536D0-05A0-475C-810D-21828B1E4EC0}"
EndProject
Project("{FAE04EC0-301F-11D3-BF4B-00C04F79EFBC}") = "DateTime3", "DateTime3\DateTime3.csproj", "{7B10E886-DDD2-4263-84F7-93B264F37632}"
EndProject
Project("{FAE04EC0-301F-11D3-BF4B-00C04F79EFBC}") = "TimeSpan2", "TimeSpan2\TimeSpan2.csproj", "{BFDC2FB5-6E97-4C3B-8913-E9F97E84D0B1}"
EndProject
Project("{FAE04EC0-301F-11D3-BF4B-00C04F79EFBC}") = "TimeSpan3", "TimeSpan3\TimeSpan3.csproj", "{5E402FB6-1BC3-42C6-B675-FCF90A7F3E4B}"
EndProject
Project("{FAE04EC0-301F-11D3-BF4B-00C04F79EFBC}") = "DateTimeKind-ISO8601", "DateTimeKind-ISO8601\DateTimeKind-ISO8601.csproj", "{5B8A04CB-B538-4A9A-A7A3-1F2F1724C2E8}"
EndProject
Project("{FAE04EC0-301F-11D3-BF4B-00C04F79EFBC}") = "Enumeracoes", "Enumeracoes\Enumeracoes.csproj", "{E2584287-3F72-4661-AC64-504FDB0FF390}"
EndProject
Project("{FAE04EC0-301F-11D3-BF4B-00C04F79EFBC}") = "Composicao", "Composicao\Composicao.csproj", "{A018F43D-41E3-42DA-9794-3D33FA337280}"
EndProject
Project("{FAE04EC0-301F-11D3-BF4B-00C04F79EFBC}") = "ExStringBuilder", "StringBuilder\ExStringBuilder.csproj", "{CFEA3DFA-F099-48F9-A211-265A8A756A2E}"
EndProject
Project("{FAE04EC0-301F-11D3-BF4B-00C04F79EFBC}") = "ExEnumEComp", "ExEnumEComp\ExEnumEComp.csproj", "{7448A5C3-B50D-4274-A8F0-E35CACC5CB19}"
EndProject
Project("{FAE04EC0-301F-11D3-BF4B-00C04F79EFBC}") = "HerancaEPolimorfismo2", "HerancaEPolimorfismo\HerancaEPolimorfismo2.csproj", "{CD56EC20-33BB-486C-94C9-BA17302D2767}"
EndProject
Project("{FAE04EC0-301F-11D3-BF4B-00C04F79EFBC}") = "Heranca", "Heranca\Heranca.csproj", "{AD52123B-B4C0-4EE2-BAAE-EA0A950F62C6}"
EndProject
Project("{FAE04EC0-301F-11D3-BF4B-00C04F79EFBC}") = "Heranca3", "Heranca3\Heranca3.csproj", "{94413454-0320-4E3C-B85E-64DD19604ADB}"
EndProject
Global
	GlobalSection(SolutionConfigurationPlatforms) = preSolution
		Debug|Any CPU = Debug|Any CPU
		Release|Any CPU = Release|Any CPU
	EndGlobalSection
	GlobalSection(ProjectConfigurationPlatforms) = postSolution
		{31479797-FCD0-4AD7-85A5-544A9F8B15F0}.Debug|Any CPU.ActiveCfg = Debug|Any CPU
		{31479797-FCD0-4AD7-85A5-544A9F8B15F0}.Debug|Any CPU.Build.0 = Debug|Any CPU
		{31479797-FCD0-4AD7-85A5-544A9F8B15F0}.Release|Any CPU.ActiveCfg = Release|Any CPU
		{31479797-FCD0-4AD7-85A5-544A9F8B15F0}.Release|Any CPU.Build.0 = Release|Any CPU
		{9744D04A-3FC4-43EB-97D3-15C8817404F9}.Debug|Any CPU.ActiveCfg = Debug|Any CPU
		{9744D04A-3FC4-43EB-97D3-15C8817404F9}.Debug|Any CPU.Build.0 = Debug|Any CPU
		{9744D04A-3FC4-43EB-97D3-15C8817404F9}.Release|Any CPU.ActiveCfg = Release|Any CPU
		{9744D04A-3FC4-43EB-97D3-15C8817404F9}.Release|Any CPU.Build.0 = Release|Any CPU
		{6D3C848F-5821-431F-9320-CDBF9927CFC2}.Debug|Any CPU.ActiveCfg = Debug|Any CPU
		{6D3C848F-5821-431F-9320-CDBF9927CFC2}.Debug|Any CPU.Build.0 = Debug|Any CPU
		{6D3C848F-5821-431F-9320-CDBF9927CFC2}.Release|Any CPU.ActiveCfg = Release|Any CPU
		{6D3C848F-5821-431F-9320-CDBF9927CFC2}.Release|Any CPU.Build.0 = Release|Any CPU
		{6C5F2F01-55C2-4D5B-B4FA-0A499FBBF559}.Debug|Any CPU.ActiveCfg = Debug|Any CPU
		{6C5F2F01-55C2-4D5B-B4FA-0A499FBBF559}.Debug|Any CPU.Build.0 = Debug|Any CPU
		{6C5F2F01-55C2-4D5B-B4FA-0A499FBBF559}.Release|Any CPU.ActiveCfg = Release|Any CPU
		{6C5F2F01-55C2-4D5B-B4FA-0A499FBBF559}.Release|Any CPU.Build.0 = Release|Any CPU
		{6BB416DB-187D-4E80-8B39-BACDC99FD391}.Debug|Any CPU.ActiveCfg = Debug|Any CPU
		{6BB416DB-187D-4E80-8B39-BACDC99FD391}.Debug|Any CPU.Build.0 = Debug|Any CPU
		{6BB416DB-187D-4E80-8B39-BACDC99FD391}.Release|Any CPU.ActiveCfg = Release|Any CPU
		{6BB416DB-187D-4E80-8B39-BACDC99FD391}.Release|Any CPU.Build.0 = Release|Any CPU
		{365C7B18-0D78-4972-A9A8-2EA5B9B3E852}.Debug|Any CPU.ActiveCfg = Debug|Any CPU
		{365C7B18-0D78-4972-A9A8-2EA5B9B3E852}.Debug|Any CPU.Build.0 = Debug|Any CPU
		{365C7B18-0D78-4972-A9A8-2EA5B9B3E852}.Release|Any CPU.ActiveCfg = Release|Any CPU
		{365C7B18-0D78-4972-A9A8-2EA5B9B3E852}.Release|Any CPU.Build.0 = Release|Any CPU
		{B2839026-A72B-4B7F-861D-31A5054C3E64}.Debug|Any CPU.ActiveCfg = Debug|Any CPU
		{B2839026-A72B-4B7F-861D-31A5054C3E64}.Debug|Any CPU.Build.0 = Debug|Any CPU
		{B2839026-A72B-4B7F-861D-31A5054C3E64}.Release|Any CPU.ActiveCfg = Release|Any CPU
		{B2839026-A72B-4B7F-861D-31A5054C3E64}.Release|Any CPU.Build.0 = Release|Any CPU
		{5389831A-EEA5-4A00-9F29-36E792C0259D}.Debug|Any CPU.ActiveCfg = Debug|Any CPU
		{5389831A-EEA5-4A00-9F29-36E792C0259D}.Debug|Any CPU.Build.0 = Debug|Any CPU
		{5389831A-EEA5-4A00-9F29-36E792C0259D}.Release|Any CPU.ActiveCfg = Release|Any CPU
		{5389831A-EEA5-4A00-9F29-36E792C0259D}.Release|Any CPU.Build.0 = Release|Any CPU
		{0DA72621-648A-4060-BAEB-8168A2A2A498}.Debug|Any CPU.ActiveCfg = Debug|Any CPU
		{0DA72621-648A-4060-BAEB-8168A2A2A498}.Debug|Any CPU.Build.0 = Debug|Any CPU
		{0DA72621-648A-4060-BAEB-8168A2A2A498}.Release|Any CPU.ActiveCfg = Release|Any CPU
		{0DA72621-648A-4060-BAEB-8168A2A2A498}.Release|Any CPU.Build.0 = Release|Any CPU
		{6F4629F2-B37D-45A8-B03A-143A61BC841C}.Debug|Any CPU.ActiveCfg = Debug|Any CPU
		{6F4629F2-B37D-45A8-B03A-143A61BC841C}.Debug|Any CPU.Build.0 = Debug|Any CPU
		{6F4629F2-B37D-45A8-B03A-143A61BC841C}.Release|Any CPU.ActiveCfg = Release|Any CPU
		{6F4629F2-B37D-45A8-B03A-143A61BC841C}.Release|Any CPU.Build.0 = Release|Any CPU
		{5DEF7208-20A8-4509-B770-A1B3FD6F951E}.Debug|Any CPU.ActiveCfg = Debug|Any CPU
		{5DEF7208-20A8-4509-B770-A1B3FD6F951E}.Debug|Any CPU.Build.0 = Debug|Any CPU
		{5DEF7208-20A8-4509-B770-A1B3FD6F951E}.Release|Any CPU.ActiveCfg = Release|Any CPU
		{5DEF7208-20A8-4509-B770-A1B3FD6F951E}.Release|Any CPU.Build.0 = Release|Any CPU
		{36337B29-2ED3-4332-ACF9-20E88BF43186}.Debug|Any CPU.ActiveCfg = Debug|Any CPU
		{36337B29-2ED3-4332-ACF9-20E88BF43186}.Debug|Any CPU.Build.0 = Debug|Any CPU
		{36337B29-2ED3-4332-ACF9-20E88BF43186}.Release|Any CPU.ActiveCfg = Release|Any CPU
		{36337B29-2ED3-4332-ACF9-20E88BF43186}.Release|Any CPU.Build.0 = Release|Any CPU
		{0FEC1FD1-F694-4EF3-8810-DC7DE0124534}.Debug|Any CPU.ActiveCfg = Debug|Any CPU
		{0FEC1FD1-F694-4EF3-8810-DC7DE0124534}.Debug|Any CPU.Build.0 = Debug|Any CPU
		{0FEC1FD1-F694-4EF3-8810-DC7DE0124534}.Release|Any CPU.ActiveCfg = Release|Any CPU
		{0FEC1FD1-F694-4EF3-8810-DC7DE0124534}.Release|Any CPU.Build.0 = Release|Any CPU
		{52259BE2-1EBA-45EE-AB95-0805A117167E}.Debug|Any CPU.ActiveCfg = Debug|Any CPU
		{52259BE2-1EBA-45EE-AB95-0805A117167E}.Debug|Any CPU.Build.0 = Debug|Any CPU
		{52259BE2-1EBA-45EE-AB95-0805A117167E}.Release|Any CPU.ActiveCfg = Release|Any CPU
		{52259BE2-1EBA-45EE-AB95-0805A117167E}.Release|Any CPU.Build.0 = Release|Any CPU
		{FC0A52E2-5A77-4E5A-9B76-4FBDF2176BFE}.Debug|Any CPU.ActiveCfg = Debug|Any CPU
		{FC0A52E2-5A77-4E5A-9B76-4FBDF2176BFE}.Debug|Any CPU.Build.0 = Debug|Any CPU
		{FC0A52E2-5A77-4E5A-9B76-4FBDF2176BFE}.Release|Any CPU.ActiveCfg = Release|Any CPU
		{FC0A52E2-5A77-4E5A-9B76-4FBDF2176BFE}.Release|Any CPU.Build.0 = Release|Any CPU
		{29F1F6FE-558E-4634-A8CB-8EF701211E4E}.Debug|Any CPU.ActiveCfg = Debug|Any CPU
		{29F1F6FE-558E-4634-A8CB-8EF701211E4E}.Debug|Any CPU.Build.0 = Debug|Any CPU
		{29F1F6FE-558E-4634-A8CB-8EF701211E4E}.Release|Any CPU.ActiveCfg = Release|Any CPU
		{29F1F6FE-558E-4634-A8CB-8EF701211E4E}.Release|Any CPU.Build.0 = Release|Any CPU
		{EAA79B44-086A-4C00-B83E-BCB81EC798C5}.Debug|Any CPU.ActiveCfg = Debug|Any CPU
		{EAA79B44-086A-4C00-B83E-BCB81EC798C5}.Debug|Any CPU.Build.0 = Debug|Any CPU
		{EAA79B44-086A-4C00-B83E-BCB81EC798C5}.Release|Any CPU.ActiveCfg = Release|Any CPU
		{EAA79B44-086A-4C00-B83E-BCB81EC798C5}.Release|Any CPU.Build.0 = Release|Any CPU
		{CB00E084-1CE9-41E6-B10D-D1712C29C754}.Debug|Any CPU.ActiveCfg = Debug|Any CPU
		{CB00E084-1CE9-41E6-B10D-D1712C29C754}.Debug|Any CPU.Build.0 = Debug|Any CPU
		{CB00E084-1CE9-41E6-B10D-D1712C29C754}.Release|Any CPU.ActiveCfg = Release|Any CPU
		{CB00E084-1CE9-41E6-B10D-D1712C29C754}.Release|Any CPU.Build.0 = Release|Any CPU
		{60868903-9475-4D52-9E62-6ED273A2ECF8}.Debug|Any CPU.ActiveCfg = Debug|Any CPU
		{60868903-9475-4D52-9E62-6ED273A2ECF8}.Debug|Any CPU.Build.0 = Debug|Any CPU
		{60868903-9475-4D52-9E62-6ED273A2ECF8}.Release|Any CPU.ActiveCfg = Release|Any CPU
		{60868903-9475-4D52-9E62-6ED273A2ECF8}.Release|Any CPU.Build.0 = Release|Any CPU
		{44C40743-A8F0-49FC-81C2-958B900ACBF5}.Debug|Any CPU.ActiveCfg = Debug|Any CPU
		{44C40743-A8F0-49FC-81C2-958B900ACBF5}.Debug|Any CPU.Build.0 = Debug|Any CPU
		{44C40743-A8F0-49FC-81C2-958B900ACBF5}.Release|Any CPU.ActiveCfg = Release|Any CPU
		{44C40743-A8F0-49FC-81C2-958B900ACBF5}.Release|Any CPU.Build.0 = Release|Any CPU
		{D4F8374D-258E-4F79-9E6A-D68D934A6144}.Debug|Any CPU.ActiveCfg = Debug|Any CPU
		{D4F8374D-258E-4F79-9E6A-D68D934A6144}.Debug|Any CPU.Build.0 = Debug|Any CPU
		{D4F8374D-258E-4F79-9E6A-D68D934A6144}.Release|Any CPU.ActiveCfg = Release|Any CPU
		{D4F8374D-258E-4F79-9E6A-D68D934A6144}.Release|Any CPU.Build.0 = Release|Any CPU
		{BAEC81BD-6E56-4F1B-9627-6D72FD254B7B}.Debug|Any CPU.ActiveCfg = Debug|Any CPU
		{BAEC81BD-6E56-4F1B-9627-6D72FD254B7B}.Debug|Any CPU.Build.0 = Debug|Any CPU
		{BAEC81BD-6E56-4F1B-9627-6D72FD254B7B}.Release|Any CPU.ActiveCfg = Release|Any CPU
		{BAEC81BD-6E56-4F1B-9627-6D72FD254B7B}.Release|Any CPU.Build.0 = Release|Any CPU
		{F2CDF0DA-56DD-4B7E-BBEE-99712364DADC}.Debug|Any CPU.ActiveCfg = Debug|Any CPU
		{F2CDF0DA-56DD-4B7E-BBEE-99712364DADC}.Debug|Any CPU.Build.0 = Debug|Any CPU
		{F2CDF0DA-56DD-4B7E-BBEE-99712364DADC}.Release|Any CPU.ActiveCfg = Release|Any CPU
		{F2CDF0DA-56DD-4B7E-BBEE-99712364DADC}.Release|Any CPU.Build.0 = Release|Any CPU
		{4E71772F-4650-4C86-9B50-AB60393B0240}.Debug|Any CPU.ActiveCfg = Debug|Any CPU
		{4E71772F-4650-4C86-9B50-AB60393B0240}.Debug|Any CPU.Build.0 = Debug|Any CPU
		{4E71772F-4650-4C86-9B50-AB60393B0240}.Release|Any CPU.ActiveCfg = Release|Any CPU
		{4E71772F-4650-4C86-9B50-AB60393B0240}.Release|Any CPU.Build.0 = Release|Any CPU
		{B92AF858-F514-4B11-97BE-EFDC9CE37A59}.Debug|Any CPU.ActiveCfg = Debug|Any CPU
		{B92AF858-F514-4B11-97BE-EFDC9CE37A59}.Debug|Any CPU.Build.0 = Debug|Any CPU
		{B92AF858-F514-4B11-97BE-EFDC9CE37A59}.Release|Any CPU.ActiveCfg = Release|Any CPU
		{B92AF858-F514-4B11-97BE-EFDC9CE37A59}.Release|Any CPU.Build.0 = Release|Any CPU
		{FA37B67A-0178-420D-878F-3D8044731112}.Debug|Any CPU.ActiveCfg = Debug|Any CPU
		{FA37B67A-0178-420D-878F-3D8044731112}.Debug|Any CPU.Build.0 = Debug|Any CPU
		{FA37B67A-0178-420D-878F-3D8044731112}.Release|Any CPU.ActiveCfg = Release|Any CPU
		{FA37B67A-0178-420D-878F-3D8044731112}.Release|Any CPU.Build.0 = Release|Any CPU
		{9A214428-866A-4467-AA91-998F87B10297}.Debug|Any CPU.ActiveCfg = Debug|Any CPU
		{9A214428-866A-4467-AA91-998F87B10297}.Debug|Any CPU.Build.0 = Debug|Any CPU
		{9A214428-866A-4467-AA91-998F87B10297}.Release|Any CPU.ActiveCfg = Release|Any CPU
		{9A214428-866A-4467-AA91-998F87B10297}.Release|Any CPU.Build.0 = Release|Any CPU
		{1618D2B7-12B2-4A50-A65D-64A5F08E0F92}.Debug|Any CPU.ActiveCfg = Debug|Any CPU
		{1618D2B7-12B2-4A50-A65D-64A5F08E0F92}.Debug|Any CPU.Build.0 = Debug|Any CPU
		{1618D2B7-12B2-4A50-A65D-64A5F08E0F92}.Release|Any CPU.ActiveCfg = Release|Any CPU
		{1618D2B7-12B2-4A50-A65D-64A5F08E0F92}.Release|Any CPU.Build.0 = Release|Any CPU
		{13DF47AA-D41D-4380-AEC9-3337B243E736}.Debug|Any CPU.ActiveCfg = Debug|Any CPU
		{13DF47AA-D41D-4380-AEC9-3337B243E736}.Debug|Any CPU.Build.0 = Debug|Any CPU
		{13DF47AA-D41D-4380-AEC9-3337B243E736}.Release|Any CPU.ActiveCfg = Release|Any CPU
		{13DF47AA-D41D-4380-AEC9-3337B243E736}.Release|Any CPU.Build.0 = Release|Any CPU
		{99DA4A71-3D2C-4105-8227-94CFC0C44143}.Debug|Any CPU.ActiveCfg = Debug|Any CPU
		{99DA4A71-3D2C-4105-8227-94CFC0C44143}.Debug|Any CPU.Build.0 = Debug|Any CPU
		{99DA4A71-3D2C-4105-8227-94CFC0C44143}.Release|Any CPU.ActiveCfg = Release|Any CPU
		{99DA4A71-3D2C-4105-8227-94CFC0C44143}.Release|Any CPU.Build.0 = Release|Any CPU
		{B6EF4EE7-D1D7-4C8C-9530-7980B8EA1438}.Debug|Any CPU.ActiveCfg = Debug|Any CPU
		{B6EF4EE7-D1D7-4C8C-9530-7980B8EA1438}.Debug|Any CPU.Build.0 = Debug|Any CPU
		{B6EF4EE7-D1D7-4C8C-9530-7980B8EA1438}.Release|Any CPU.ActiveCfg = Release|Any CPU
		{B6EF4EE7-D1D7-4C8C-9530-7980B8EA1438}.Release|Any CPU.Build.0 = Release|Any CPU
		{DE96C380-8B81-4138-BBD7-26DC334DCE79}.Debug|Any CPU.ActiveCfg = Debug|Any CPU
		{DE96C380-8B81-4138-BBD7-26DC334DCE79}.Debug|Any CPU.Build.0 = Debug|Any CPU
		{DE96C380-8B81-4138-BBD7-26DC334DCE79}.Release|Any CPU.ActiveCfg = Release|Any CPU
		{DE96C380-8B81-4138-BBD7-26DC334DCE79}.Release|Any CPU.Build.0 = Release|Any CPU
		{7C1894B3-D7B9-4814-A32E-BDC8A9FC089F}.Debug|Any CPU.ActiveCfg = Debug|Any CPU
		{7C1894B3-D7B9-4814-A32E-BDC8A9FC089F}.Debug|Any CPU.Build.0 = Debug|Any CPU
		{7C1894B3-D7B9-4814-A32E-BDC8A9FC089F}.Release|Any CPU.ActiveCfg = Release|Any CPU
		{7C1894B3-D7B9-4814-A32E-BDC8A9FC089F}.Release|Any CPU.Build.0 = Release|Any CPU
		{5671FFEB-3BF0-4C2A-9CBC-4EBDDE563574}.Debug|Any CPU.ActiveCfg = Debug|Any CPU
		{5671FFEB-3BF0-4C2A-9CBC-4EBDDE563574}.Debug|Any CPU.Build.0 = Debug|Any CPU
		{5671FFEB-3BF0-4C2A-9CBC-4EBDDE563574}.Release|Any CPU.ActiveCfg = Release|Any CPU
		{5671FFEB-3BF0-4C2A-9CBC-4EBDDE563574}.Release|Any CPU.Build.0 = Release|Any CPU
		{0FC39692-4E3B-4A1C-8E20-09045DFA2E10}.Debug|Any CPU.ActiveCfg = Debug|Any CPU
		{0FC39692-4E3B-4A1C-8E20-09045DFA2E10}.Debug|Any CPU.Build.0 = Debug|Any CPU
		{0FC39692-4E3B-4A1C-8E20-09045DFA2E10}.Release|Any CPU.ActiveCfg = Release|Any CPU
		{0FC39692-4E3B-4A1C-8E20-09045DFA2E10}.Release|Any CPU.Build.0 = Release|Any CPU
		{50D4747C-8916-4F91-84BB-6589AB754F0B}.Debug|Any CPU.ActiveCfg = Debug|Any CPU
		{50D4747C-8916-4F91-84BB-6589AB754F0B}.Debug|Any CPU.Build.0 = Debug|Any CPU
		{50D4747C-8916-4F91-84BB-6589AB754F0B}.Release|Any CPU.ActiveCfg = Release|Any CPU
		{50D4747C-8916-4F91-84BB-6589AB754F0B}.Release|Any CPU.Build.0 = Release|Any CPU
		{672ECF0C-2E4A-4125-A8C9-52DA3E1220E4}.Debug|Any CPU.ActiveCfg = Debug|Any CPU
		{672ECF0C-2E4A-4125-A8C9-52DA3E1220E4}.Debug|Any CPU.Build.0 = Debug|Any CPU
		{672ECF0C-2E4A-4125-A8C9-52DA3E1220E4}.Release|Any CPU.ActiveCfg = Release|Any CPU
		{672ECF0C-2E4A-4125-A8C9-52DA3E1220E4}.Release|Any CPU.Build.0 = Release|Any CPU
		{7349FCC3-BB25-4BD1-99FC-ADE21C60956F}.Debug|Any CPU.ActiveCfg = Debug|Any CPU
		{7349FCC3-BB25-4BD1-99FC-ADE21C60956F}.Debug|Any CPU.Build.0 = Debug|Any CPU
		{7349FCC3-BB25-4BD1-99FC-ADE21C60956F}.Release|Any CPU.ActiveCfg = Release|Any CPU
		{7349FCC3-BB25-4BD1-99FC-ADE21C60956F}.Release|Any CPU.Build.0 = Release|Any CPU
		{3F0953AA-5484-4838-82D7-BF6D4DB4F4DC}.Debug|Any CPU.ActiveCfg = Debug|Any CPU
		{3F0953AA-5484-4838-82D7-BF6D4DB4F4DC}.Debug|Any CPU.Build.0 = Debug|Any CPU
		{3F0953AA-5484-4838-82D7-BF6D4DB4F4DC}.Release|Any CPU.ActiveCfg = Release|Any CPU
		{3F0953AA-5484-4838-82D7-BF6D4DB4F4DC}.Release|Any CPU.Build.0 = Release|Any CPU
		{C8D5361F-136D-459A-8D16-5161C347FC2F}.Debug|Any CPU.ActiveCfg = Debug|Any CPU
		{C8D5361F-136D-459A-8D16-5161C347FC2F}.Debug|Any CPU.Build.0 = Debug|Any CPU
		{C8D5361F-136D-459A-8D16-5161C347FC2F}.Release|Any CPU.ActiveCfg = Release|Any CPU
		{C8D5361F-136D-459A-8D16-5161C347FC2F}.Release|Any CPU.Build.0 = Release|Any CPU
		{1C91018A-858B-4F1C-BA29-EDB4E7E73B5B}.Debug|Any CPU.ActiveCfg = Debug|Any CPU
		{1C91018A-858B-4F1C-BA29-EDB4E7E73B5B}.Debug|Any CPU.Build.0 = Debug|Any CPU
		{1C91018A-858B-4F1C-BA29-EDB4E7E73B5B}.Release|Any CPU.ActiveCfg = Release|Any CPU
		{1C91018A-858B-4F1C-BA29-EDB4E7E73B5B}.Release|Any CPU.Build.0 = Release|Any CPU
		{3FF2404D-2B81-4104-8201-211488CE7E68}.Debug|Any CPU.ActiveCfg = Debug|Any CPU
		{3FF2404D-2B81-4104-8201-211488CE7E68}.Debug|Any CPU.Build.0 = Debug|Any CPU
		{3FF2404D-2B81-4104-8201-211488CE7E68}.Release|Any CPU.ActiveCfg = Release|Any CPU
		{3FF2404D-2B81-4104-8201-211488CE7E68}.Release|Any CPU.Build.0 = Release|Any CPU
		{C41F39F7-0BD8-4B21-BFE0-98A99CF098E3}.Debug|Any CPU.ActiveCfg = Debug|Any CPU
		{C41F39F7-0BD8-4B21-BFE0-98A99CF098E3}.Debug|Any CPU.Build.0 = Debug|Any CPU
		{C41F39F7-0BD8-4B21-BFE0-98A99CF098E3}.Release|Any CPU.ActiveCfg = Release|Any CPU
		{C41F39F7-0BD8-4B21-BFE0-98A99CF098E3}.Release|Any CPU.Build.0 = Release|Any CPU
		{5669E173-7354-4DEE-BC54-F04A67760645}.Debug|Any CPU.ActiveCfg = Debug|Any CPU
		{5669E173-7354-4DEE-BC54-F04A67760645}.Debug|Any CPU.Build.0 = Debug|Any CPU
		{5669E173-7354-4DEE-BC54-F04A67760645}.Release|Any CPU.ActiveCfg = Release|Any CPU
		{5669E173-7354-4DEE-BC54-F04A67760645}.Release|Any CPU.Build.0 = Release|Any CPU
		{DFFC3460-BD31-4B8A-97D1-739898A026F5}.Debug|Any CPU.ActiveCfg = Debug|Any CPU
		{DFFC3460-BD31-4B8A-97D1-739898A026F5}.Debug|Any CPU.Build.0 = Debug|Any CPU
		{DFFC3460-BD31-4B8A-97D1-739898A026F5}.Release|Any CPU.ActiveCfg = Release|Any CPU
		{DFFC3460-BD31-4B8A-97D1-739898A026F5}.Release|Any CPU.Build.0 = Release|Any CPU
		{A91B50CD-C0B3-4A9D-833E-0BACA0F9594D}.Debug|Any CPU.ActiveCfg = Debug|Any CPU
		{A91B50CD-C0B3-4A9D-833E-0BACA0F9594D}.Debug|Any CPU.Build.0 = Debug|Any CPU
		{A91B50CD-C0B3-4A9D-833E-0BACA0F9594D}.Release|Any CPU.ActiveCfg = Release|Any CPU
		{A91B50CD-C0B3-4A9D-833E-0BACA0F9594D}.Release|Any CPU.Build.0 = Release|Any CPU
		{F1D9AB1E-493F-4C38-8B24-3D124F36F443}.Debug|Any CPU.ActiveCfg = Debug|Any CPU
		{F1D9AB1E-493F-4C38-8B24-3D124F36F443}.Debug|Any CPU.Build.0 = Debug|Any CPU
		{F1D9AB1E-493F-4C38-8B24-3D124F36F443}.Release|Any CPU.ActiveCfg = Release|Any CPU
		{F1D9AB1E-493F-4C38-8B24-3D124F36F443}.Release|Any CPU.Build.0 = Release|Any CPU
		{EBEF435B-970E-413A-BFE6-8495CFB9568F}.Debug|Any CPU.ActiveCfg = Debug|Any CPU
		{EBEF435B-970E-413A-BFE6-8495CFB9568F}.Debug|Any CPU.Build.0 = Debug|Any CPU
		{EBEF435B-970E-413A-BFE6-8495CFB9568F}.Release|Any CPU.ActiveCfg = Release|Any CPU
		{EBEF435B-970E-413A-BFE6-8495CFB9568F}.Release|Any CPU.Build.0 = Release|Any CPU
		{CB67AA64-48CA-46EF-BEDE-AEA297CE97F9}.Debug|Any CPU.ActiveCfg = Debug|Any CPU
		{CB67AA64-48CA-46EF-BEDE-AEA297CE97F9}.Debug|Any CPU.Build.0 = Debug|Any CPU
		{CB67AA64-48CA-46EF-BEDE-AEA297CE97F9}.Release|Any CPU.ActiveCfg = Release|Any CPU
		{CB67AA64-48CA-46EF-BEDE-AEA297CE97F9}.Release|Any CPU.Build.0 = Release|Any CPU
		{F8DB2E20-71F8-40E6-BE69-A7407552516B}.Debug|Any CPU.ActiveCfg = Debug|Any CPU
		{F8DB2E20-71F8-40E6-BE69-A7407552516B}.Debug|Any CPU.Build.0 = Debug|Any CPU
		{F8DB2E20-71F8-40E6-BE69-A7407552516B}.Release|Any CPU.ActiveCfg = Release|Any CPU
		{F8DB2E20-71F8-40E6-BE69-A7407552516B}.Release|Any CPU.Build.0 = Release|Any CPU
		{FF427E20-13DF-480B-B6B1-CFD70605ED85}.Debug|Any CPU.ActiveCfg = Debug|Any CPU
		{FF427E20-13DF-480B-B6B1-CFD70605ED85}.Debug|Any CPU.Build.0 = Debug|Any CPU
		{FF427E20-13DF-480B-B6B1-CFD70605ED85}.Release|Any CPU.ActiveCfg = Release|Any CPU
		{FF427E20-13DF-480B-B6B1-CFD70605ED85}.Release|Any CPU.Build.0 = Release|Any CPU
		{60441039-5311-4766-94AA-C3DD8C875FD5}.Debug|Any CPU.ActiveCfg = Debug|Any CPU
		{60441039-5311-4766-94AA-C3DD8C875FD5}.Debug|Any CPU.Build.0 = Debug|Any CPU
		{60441039-5311-4766-94AA-C3DD8C875FD5}.Release|Any CPU.ActiveCfg = Release|Any CPU
		{60441039-5311-4766-94AA-C3DD8C875FD5}.Release|Any CPU.Build.0 = Release|Any CPU
		{58A905B9-4175-4795-B646-B852D5E6CB52}.Debug|Any CPU.ActiveCfg = Debug|Any CPU
		{58A905B9-4175-4795-B646-B852D5E6CB52}.Debug|Any CPU.Build.0 = Debug|Any CPU
		{58A905B9-4175-4795-B646-B852D5E6CB52}.Release|Any CPU.ActiveCfg = Release|Any CPU
		{58A905B9-4175-4795-B646-B852D5E6CB52}.Release|Any CPU.Build.0 = Release|Any CPU
		{788834B1-0640-42B3-A610-7FCFCF4CFC1D}.Debug|Any CPU.ActiveCfg = Debug|Any CPU
		{788834B1-0640-42B3-A610-7FCFCF4CFC1D}.Debug|Any CPU.Build.0 = Debug|Any CPU
		{788834B1-0640-42B3-A610-7FCFCF4CFC1D}.Release|Any CPU.ActiveCfg = Release|Any CPU
		{788834B1-0640-42B3-A610-7FCFCF4CFC1D}.Release|Any CPU.Build.0 = Release|Any CPU
		{D80173BE-C393-4CA9-B67A-ADEC3A7B7FB7}.Debug|Any CPU.ActiveCfg = Debug|Any CPU
		{D80173BE-C393-4CA9-B67A-ADEC3A7B7FB7}.Debug|Any CPU.Build.0 = Debug|Any CPU
		{D80173BE-C393-4CA9-B67A-ADEC3A7B7FB7}.Release|Any CPU.ActiveCfg = Release|Any CPU
		{D80173BE-C393-4CA9-B67A-ADEC3A7B7FB7}.Release|Any CPU.Build.0 = Release|Any CPU
		{04B153F3-BD9B-4216-8F7D-EED634B69379}.Debug|Any CPU.ActiveCfg = Debug|Any CPU
		{04B153F3-BD9B-4216-8F7D-EED634B69379}.Debug|Any CPU.Build.0 = Debug|Any CPU
		{04B153F3-BD9B-4216-8F7D-EED634B69379}.Release|Any CPU.ActiveCfg = Release|Any CPU
		{04B153F3-BD9B-4216-8F7D-EED634B69379}.Release|Any CPU.Build.0 = Release|Any CPU
		{57CFB794-3088-4728-B49C-80ACDBE735CF}.Debug|Any CPU.ActiveCfg = Debug|Any CPU
		{57CFB794-3088-4728-B49C-80ACDBE735CF}.Debug|Any CPU.Build.0 = Debug|Any CPU
		{57CFB794-3088-4728-B49C-80ACDBE735CF}.Release|Any CPU.ActiveCfg = Release|Any CPU
		{57CFB794-3088-4728-B49C-80ACDBE735CF}.Release|Any CPU.Build.0 = Release|Any CPU
		{91DE21BC-6F7A-4434-88AC-07768E0709D6}.Debug|Any CPU.ActiveCfg = Debug|Any CPU
		{91DE21BC-6F7A-4434-88AC-07768E0709D6}.Debug|Any CPU.Build.0 = Debug|Any CPU
		{91DE21BC-6F7A-4434-88AC-07768E0709D6}.Release|Any CPU.ActiveCfg = Release|Any CPU
		{91DE21BC-6F7A-4434-88AC-07768E0709D6}.Release|Any CPU.Build.0 = Release|Any CPU
		{557C73B6-6D1D-4516-BA4E-65CF8CBF3995}.Debug|Any CPU.ActiveCfg = Debug|Any CPU
		{557C73B6-6D1D-4516-BA4E-65CF8CBF3995}.Debug|Any CPU.Build.0 = Debug|Any CPU
		{557C73B6-6D1D-4516-BA4E-65CF8CBF3995}.Release|Any CPU.ActiveCfg = Release|Any CPU
		{557C73B6-6D1D-4516-BA4E-65CF8CBF3995}.Release|Any CPU.Build.0 = Release|Any CPU
		{85E7D6E6-B2AA-4FB1-9589-03B21DE97D34}.Debug|Any CPU.ActiveCfg = Debug|Any CPU
		{85E7D6E6-B2AA-4FB1-9589-03B21DE97D34}.Debug|Any CPU.Build.0 = Debug|Any CPU
		{85E7D6E6-B2AA-4FB1-9589-03B21DE97D34}.Release|Any CPU.ActiveCfg = Release|Any CPU
		{85E7D6E6-B2AA-4FB1-9589-03B21DE97D34}.Release|Any CPU.Build.0 = Release|Any CPU
		{3A97BFF5-60FF-416F-8F35-7E9A8B444143}.Debug|Any CPU.ActiveCfg = Debug|Any CPU
		{3A97BFF5-60FF-416F-8F35-7E9A8B444143}.Debug|Any CPU.Build.0 = Debug|Any CPU
		{3A97BFF5-60FF-416F-8F35-7E9A8B444143}.Release|Any CPU.ActiveCfg = Release|Any CPU
		{3A97BFF5-60FF-416F-8F35-7E9A8B444143}.Release|Any CPU.Build.0 = Release|Any CPU
		{1EC3D7C0-9661-4370-BF7F-B00BAF9F384D}.Debug|Any CPU.ActiveCfg = Debug|Any CPU
		{1EC3D7C0-9661-4370-BF7F-B00BAF9F384D}.Debug|Any CPU.Build.0 = Debug|Any CPU
		{1EC3D7C0-9661-4370-BF7F-B00BAF9F384D}.Release|Any CPU.ActiveCfg = Release|Any CPU
		{1EC3D7C0-9661-4370-BF7F-B00BAF9F384D}.Release|Any CPU.Build.0 = Release|Any CPU
		{733A5819-5BF5-4905-BEA3-4B56C5E51F3F}.Debug|Any CPU.ActiveCfg = Debug|Any CPU
		{733A5819-5BF5-4905-BEA3-4B56C5E51F3F}.Debug|Any CPU.Build.0 = Debug|Any CPU
		{733A5819-5BF5-4905-BEA3-4B56C5E51F3F}.Release|Any CPU.ActiveCfg = Release|Any CPU
		{733A5819-5BF5-4905-BEA3-4B56C5E51F3F}.Release|Any CPU.Build.0 = Release|Any CPU
		{3665C3DE-7FD7-41CC-9CED-3E64E340D75C}.Debug|Any CPU.ActiveCfg = Debug|Any CPU
		{3665C3DE-7FD7-41CC-9CED-3E64E340D75C}.Debug|Any CPU.Build.0 = Debug|Any CPU
		{3665C3DE-7FD7-41CC-9CED-3E64E340D75C}.Release|Any CPU.ActiveCfg = Release|Any CPU
		{3665C3DE-7FD7-41CC-9CED-3E64E340D75C}.Release|Any CPU.Build.0 = Release|Any CPU
		{4F093093-211C-424B-93C8-9FC4A2FCF97F}.Debug|Any CPU.ActiveCfg = Debug|Any CPU
		{4F093093-211C-424B-93C8-9FC4A2FCF97F}.Debug|Any CPU.Build.0 = Debug|Any CPU
		{4F093093-211C-424B-93C8-9FC4A2FCF97F}.Release|Any CPU.ActiveCfg = Release|Any CPU
		{4F093093-211C-424B-93C8-9FC4A2FCF97F}.Release|Any CPU.Build.0 = Release|Any CPU
		{17529058-ACD4-434D-81AC-BB24EF43B90A}.Debug|Any CPU.ActiveCfg = Debug|Any CPU
		{17529058-ACD4-434D-81AC-BB24EF43B90A}.Debug|Any CPU.Build.0 = Debug|Any CPU
		{17529058-ACD4-434D-81AC-BB24EF43B90A}.Release|Any CPU.ActiveCfg = Release|Any CPU
		{17529058-ACD4-434D-81AC-BB24EF43B90A}.Release|Any CPU.Build.0 = Release|Any CPU
		{2009F981-6D7F-44B8-8888-D960D66CFE1B}.Debug|Any CPU.ActiveCfg = Debug|Any CPU
		{2009F981-6D7F-44B8-8888-D960D66CFE1B}.Debug|Any CPU.Build.0 = Debug|Any CPU
		{2009F981-6D7F-44B8-8888-D960D66CFE1B}.Release|Any CPU.ActiveCfg = Release|Any CPU
		{2009F981-6D7F-44B8-8888-D960D66CFE1B}.Release|Any CPU.Build.0 = Release|Any CPU
		{7E228266-9B59-4B38-BCDB-0407B50D4B51}.Debug|Any CPU.ActiveCfg = Debug|Any CPU
		{7E228266-9B59-4B38-BCDB-0407B50D4B51}.Debug|Any CPU.Build.0 = Debug|Any CPU
		{7E228266-9B59-4B38-BCDB-0407B50D4B51}.Release|Any CPU.ActiveCfg = Release|Any CPU
		{7E228266-9B59-4B38-BCDB-0407B50D4B51}.Release|Any CPU.Build.0 = Release|Any CPU
		{87BB1941-AD92-4FE4-BA6D-99DBB006EDAF}.Debug|Any CPU.ActiveCfg = Debug|Any CPU
		{87BB1941-AD92-4FE4-BA6D-99DBB006EDAF}.Debug|Any CPU.Build.0 = Debug|Any CPU
		{87BB1941-AD92-4FE4-BA6D-99DBB006EDAF}.Release|Any CPU.ActiveCfg = Release|Any CPU
		{87BB1941-AD92-4FE4-BA6D-99DBB006EDAF}.Release|Any CPU.Build.0 = Release|Any CPU
		{DD4A6C4C-9057-4B0A-9D68-FD3C296CD6B0}.Debug|Any CPU.ActiveCfg = Debug|Any CPU
		{DD4A6C4C-9057-4B0A-9D68-FD3C296CD6B0}.Debug|Any CPU.Build.0 = Debug|Any CPU
		{DD4A6C4C-9057-4B0A-9D68-FD3C296CD6B0}.Release|Any CPU.ActiveCfg = Release|Any CPU
		{DD4A6C4C-9057-4B0A-9D68-FD3C296CD6B0}.Release|Any CPU.Build.0 = Release|Any CPU
		{87B12E1F-DD54-49C3-83FD-4B0F80A84728}.Debug|Any CPU.ActiveCfg = Debug|Any CPU
		{87B12E1F-DD54-49C3-83FD-4B0F80A84728}.Debug|Any CPU.Build.0 = Debug|Any CPU
		{87B12E1F-DD54-49C3-83FD-4B0F80A84728}.Release|Any CPU.ActiveCfg = Release|Any CPU
		{87B12E1F-DD54-49C3-83FD-4B0F80A84728}.Release|Any CPU.Build.0 = Release|Any CPU
		{FB1FA486-DF41-4118-89C2-0979CE57F0DB}.Debug|Any CPU.ActiveCfg = Debug|Any CPU
		{FB1FA486-DF41-4118-89C2-0979CE57F0DB}.Debug|Any CPU.Build.0 = Debug|Any CPU
		{FB1FA486-DF41-4118-89C2-0979CE57F0DB}.Release|Any CPU.ActiveCfg = Release|Any CPU
		{FB1FA486-DF41-4118-89C2-0979CE57F0DB}.Release|Any CPU.Build.0 = Release|Any CPU
		{0A4CA839-9585-445E-9EEE-8D6AD0333B8B}.Debug|Any CPU.ActiveCfg = Debug|Any CPU
		{0A4CA839-9585-445E-9EEE-8D6AD0333B8B}.Debug|Any CPU.Build.0 = Debug|Any CPU
		{0A4CA839-9585-445E-9EEE-8D6AD0333B8B}.Release|Any CPU.ActiveCfg = Release|Any CPU
		{0A4CA839-9585-445E-9EEE-8D6AD0333B8B}.Release|Any CPU.Build.0 = Release|Any CPU
		{9F8536D0-05A0-475C-810D-21828B1E4EC0}.Debug|Any CPU.ActiveCfg = Debug|Any CPU
		{9F8536D0-05A0-475C-810D-21828B1E4EC0}.Debug|Any CPU.Build.0 = Debug|Any CPU
		{9F8536D0-05A0-475C-810D-21828B1E4EC0}.Release|Any CPU.ActiveCfg = Release|Any CPU
		{9F8536D0-05A0-475C-810D-21828B1E4EC0}.Release|Any CPU.Build.0 = Release|Any CPU
		{7B10E886-DDD2-4263-84F7-93B264F37632}.Debug|Any CPU.ActiveCfg = Debug|Any CPU
		{7B10E886-DDD2-4263-84F7-93B264F37632}.Debug|Any CPU.Build.0 = Debug|Any CPU
		{7B10E886-DDD2-4263-84F7-93B264F37632}.Release|Any CPU.ActiveCfg = Release|Any CPU
		{7B10E886-DDD2-4263-84F7-93B264F37632}.Release|Any CPU.Build.0 = Release|Any CPU
		{BFDC2FB5-6E97-4C3B-8913-E9F97E84D0B1}.Debug|Any CPU.ActiveCfg = Debug|Any CPU
		{BFDC2FB5-6E97-4C3B-8913-E9F97E84D0B1}.Debug|Any CPU.Build.0 = Debug|Any CPU
		{BFDC2FB5-6E97-4C3B-8913-E9F97E84D0B1}.Release|Any CPU.ActiveCfg = Release|Any CPU
		{BFDC2FB5-6E97-4C3B-8913-E9F97E84D0B1}.Release|Any CPU.Build.0 = Release|Any CPU
		{5E402FB6-1BC3-42C6-B675-FCF90A7F3E4B}.Debug|Any CPU.ActiveCfg = Debug|Any CPU
		{5E402FB6-1BC3-42C6-B675-FCF90A7F3E4B}.Debug|Any CPU.Build.0 = Debug|Any CPU
		{5E402FB6-1BC3-42C6-B675-FCF90A7F3E4B}.Release|Any CPU.ActiveCfg = Release|Any CPU
		{5E402FB6-1BC3-42C6-B675-FCF90A7F3E4B}.Release|Any CPU.Build.0 = Release|Any CPU
		{5B8A04CB-B538-4A9A-A7A3-1F2F1724C2E8}.Debug|Any CPU.ActiveCfg = Debug|Any CPU
		{5B8A04CB-B538-4A9A-A7A3-1F2F1724C2E8}.Debug|Any CPU.Build.0 = Debug|Any CPU
		{5B8A04CB-B538-4A9A-A7A3-1F2F1724C2E8}.Release|Any CPU.ActiveCfg = Release|Any CPU
		{5B8A04CB-B538-4A9A-A7A3-1F2F1724C2E8}.Release|Any CPU.Build.0 = Release|Any CPU
		{E2584287-3F72-4661-AC64-504FDB0FF390}.Debug|Any CPU.ActiveCfg = Debug|Any CPU
		{E2584287-3F72-4661-AC64-504FDB0FF390}.Debug|Any CPU.Build.0 = Debug|Any CPU
		{E2584287-3F72-4661-AC64-504FDB0FF390}.Release|Any CPU.ActiveCfg = Release|Any CPU
		{E2584287-3F72-4661-AC64-504FDB0FF390}.Release|Any CPU.Build.0 = Release|Any CPU
		{A018F43D-41E3-42DA-9794-3D33FA337280}.Debug|Any CPU.ActiveCfg = Debug|Any CPU
		{A018F43D-41E3-42DA-9794-3D33FA337280}.Debug|Any CPU.Build.0 = Debug|Any CPU
		{A018F43D-41E3-42DA-9794-3D33FA337280}.Release|Any CPU.ActiveCfg = Release|Any CPU
		{A018F43D-41E3-42DA-9794-3D33FA337280}.Release|Any CPU.Build.0 = Release|Any CPU
		{CFEA3DFA-F099-48F9-A211-265A8A756A2E}.Debug|Any CPU.ActiveCfg = Debug|Any CPU
		{CFEA3DFA-F099-48F9-A211-265A8A756A2E}.Debug|Any CPU.Build.0 = Debug|Any CPU
		{CFEA3DFA-F099-48F9-A211-265A8A756A2E}.Release|Any CPU.ActiveCfg = Release|Any CPU
		{CFEA3DFA-F099-48F9-A211-265A8A756A2E}.Release|Any CPU.Build.0 = Release|Any CPU
		{7448A5C3-B50D-4274-A8F0-E35CACC5CB19}.Debug|Any CPU.ActiveCfg = Debug|Any CPU
		{7448A5C3-B50D-4274-A8F0-E35CACC5CB19}.Debug|Any CPU.Build.0 = Debug|Any CPU
		{7448A5C3-B50D-4274-A8F0-E35CACC5CB19}.Release|Any CPU.ActiveCfg = Release|Any CPU
		{7448A5C3-B50D-4274-A8F0-E35CACC5CB19}.Release|Any CPU.Build.0 = Release|Any CPU
		{CD56EC20-33BB-486C-94C9-BA17302D2767}.Debug|Any CPU.ActiveCfg = Debug|Any CPU
		{CD56EC20-33BB-486C-94C9-BA17302D2767}.Debug|Any CPU.Build.0 = Debug|Any CPU
		{CD56EC20-33BB-486C-94C9-BA17302D2767}.Release|Any CPU.ActiveCfg = Release|Any CPU
		{CD56EC20-33BB-486C-94C9-BA17302D2767}.Release|Any CPU.Build.0 = Release|Any CPU
		{AD52123B-B4C0-4EE2-BAAE-EA0A950F62C6}.Debug|Any CPU.ActiveCfg = Debug|Any CPU
		{AD52123B-B4C0-4EE2-BAAE-EA0A950F62C6}.Debug|Any CPU.Build.0 = Debug|Any CPU
		{AD52123B-B4C0-4EE2-BAAE-EA0A950F62C6}.Release|Any CPU.ActiveCfg = Release|Any CPU
		{AD52123B-B4C0-4EE2-BAAE-EA0A950F62C6}.Release|Any CPU.Build.0 = Release|Any CPU
		{94413454-0320-4E3C-B85E-64DD19604ADB}.Debug|Any CPU.ActiveCfg = Debug|Any CPU
		{94413454-0320-4E3C-B85E-64DD19604ADB}.Debug|Any CPU.Build.0 = Debug|Any CPU
		{94413454-0320-4E3C-B85E-64DD19604ADB}.Release|Any CPU.ActiveCfg = Release|Any CPU
		{94413454-0320-4E3C-B85E-64DD19604ADB}.Release|Any CPU.Build.0 = Release|Any CPU
	EndGlobalSection
	GlobalSection(SolutionProperties) = preSolution
		HideSolutionNode = FALSE
	EndGlobalSection
	GlobalSection(ExtensibilityGlobals) = postSolution
		SolutionGuid = {D4A3B66A-270E-4B59-A4D4-9F862671B62B}
	EndGlobalSection
EndGlobal
